
Microsoft Visual Studio Solution File, Format Version 12.00
# Visual Studio Version 17
VisualStudioVersion = 17.5.33414.496
MinimumVisualStudioVersion = 10.0.40219.1
Project("{FAE04EC0-301F-11D3-BF4B-00C04F79EFBC}") = "Jogo_aviao", "Jogo_aviao\Jogo_aviao.csproj", "{1C6C29DE-7DCF-408B-8FD7-99CB5B47F81E}"
EndProject
Global
	GlobalSection(SolutionConfigurationPlatforms) = preSolution
		Debug|Any CPU = Debug|Any CPU
		Release|Any CPU = Release|Any CPU
	EndGlobalSection
	GlobalSection(ProjectConfigurationPlatforms) = postSolution
		{1C6C29DE-7DCF-408B-8FD7-99CB5B47F81E}.Debug|Any CPU.ActiveCfg = Debug|Any CPU
		{1C6C29DE-7DCF-408B-8FD7-99CB5B47F81E}.Debug|Any CPU.Build.0 = Debug|Any CPU
		{1C6C29DE-7DCF-408B-8FD7-99CB5B47F81E}.Release|Any CPU.ActiveCfg = Release|Any CPU
		{1C6C29DE-7DCF-408B-8FD7-99CB5B47F81E}.Release|Any CPU.Build.0 = Release|Any CPU
	EndGlobalSection
	GlobalSection(SolutionProperties) = preSolution
		HideSolutionNode = FALSE
	EndGlobalSection
	GlobalSection(ExtensibilityGlobals) = postSolution
		SolutionGuid = {5D349871-4AD3-4AAC-9F72-9E82267EF6EC}
	EndGlobalSection
EndGlobal
